
Microsoft Visual Studio Solution File, Format Version 12.00
# Visual Studio 15
VisualStudioVersion = 15.0.27130.2010
MinimumVisualStudioVersion = 10.0.40219.1
Project("{8BC9CEB8-8B4A-11D0-8D11-00A0C91BC942}") = "ImageTransform", "ImageTransform\ImageTransform.vcxproj", "{740A5DBA-5B14-4AEA-8836-E3B9916D34F8}"
EndProject
Global
	GlobalSection(SolutionConfigurationPlatforms) = preSolution
		Debug|x64 = Debug|x64
		Debug|x86 = Debug|x86
		Release|x64 = Release|x64
		Release|x86 = Release|x86
	EndGlobalSection
	GlobalSection(ProjectConfigurationPlatforms) = postSolution
		{740A5DBA-5B14-4AEA-8836-E3B9916D34F8}.Debug|x64.ActiveCfg = Debug|x64
		{740A5DBA-5B14-4AEA-8836-E3B9916D34F8}.Debug|x64.Build.0 = Debug|x64
		{740A5DBA-5B14-4AEA-8836-E3B9916D34F8}.Debug|x86.ActiveCfg = Debug|Win32
		{740A5DBA-5B14-4AEA-8836-E3B9916D34F8}.Debug|x86.Build.0 = Debug|Win32
		{740A5DBA-5B14-4AEA-8836-E3B9916D34F8}.Release|x64.ActiveCfg = Release|x64
		{740A5DBA-5B14-4AEA-8836-E3B9916D34F8}.Release|x64.Build.0 = Release|x64
		{740A5DBA-5B14-4AEA-8836-E3B9916D34F8}.Release|x86.ActiveCfg = Release|Win32
		{740A5DBA-5B14-4AEA-8836-E3B9916D34F8}.Release|x86.Build.0 = Release|Win32
	EndGlobalSection
	GlobalSection(SolutionProperties) = preSolution
		HideSolutionNode = FALSE
	EndGlobalSection
	GlobalSection(ExtensibilityGlobals) = postSolution
		SolutionGuid = {A2BE63C4-A99D-42D4-989D-90402EDD22C2}
	EndGlobalSection
EndGlobal
